
Microsoft Visual Studio Solution File, Format Version 12.00
# Visual Studio Version 16
VisualStudioVersion = 16.0.34902.97
MinimumVisualStudioVersion = 10.0.40219.1
Project("{9A19103F-16F7-4668-BE54-9A1E7A4F7556}") = "VgmNet", "VgmNet\VgmNet.csproj", "{8B7B1878-DB33-4841-8596-DD0BF90858BE}"
EndProject
Project("{FAE04EC0-301F-11D3-BF4B-00C04F79EFBC}") = "VgmInfo", "VgmInfo\VgmInfo.csproj", "{E6653368-2C6C-4623-847C-FECF923A039C}"
EndProject
Project("{FAE04EC0-301F-11D3-BF4B-00C04F79EFBC}") = "VgmExport", "VgmExport\VgmExport.csproj", "{6625C38D-3C33-48DB-BD77-CBD3F7F2727D}"
EndProject
Project("{FAE04EC0-301F-11D3-BF4B-00C04F79EFBC}") = "Emu76489", "Emu76489\Emu76489.csproj", "{BD421C9E-97C8-4128-923F-5068050DCFB1}"
EndProject
Global
	GlobalSection(SolutionConfigurationPlatforms) = preSolution
		Debug|Any CPU = Debug|Any CPU
		Release|Any CPU = Release|Any CPU
	EndGlobalSection
	GlobalSection(ProjectConfigurationPlatforms) = postSolution
		{8B7B1878-DB33-4841-8596-DD0BF90858BE}.Debug|Any CPU.ActiveCfg = Debug|Any CPU
		{8B7B1878-DB33-4841-8596-DD0BF90858BE}.Debug|Any CPU.Build.0 = Debug|Any CPU
		{8B7B1878-DB33-4841-8596-DD0BF90858BE}.Release|Any CPU.ActiveCfg = Release|Any CPU
		{8B7B1878-DB33-4841-8596-DD0BF90858BE}.Release|Any CPU.Build.0 = Release|Any CPU
		{E6653368-2C6C-4623-847C-FECF923A039C}.Debug|Any CPU.ActiveCfg = Debug|Any CPU
		{E6653368-2C6C-4623-847C-FECF923A039C}.Debug|Any CPU.Build.0 = Debug|Any CPU
		{E6653368-2C6C-4623-847C-FECF923A039C}.Release|Any CPU.ActiveCfg = Release|Any CPU
		{E6653368-2C6C-4623-847C-FECF923A039C}.Release|Any CPU.Build.0 = Release|Any CPU
		{6625C38D-3C33-48DB-BD77-CBD3F7F2727D}.Debug|Any CPU.ActiveCfg = Debug|Any CPU
		{6625C38D-3C33-48DB-BD77-CBD3F7F2727D}.Debug|Any CPU.Build.0 = Debug|Any CPU
		{6625C38D-3C33-48DB-BD77-CBD3F7F2727D}.Release|Any CPU.ActiveCfg = Release|Any CPU
		{6625C38D-3C33-48DB-BD77-CBD3F7F2727D}.Release|Any CPU.Build.0 = Release|Any CPU
		{BD421C9E-97C8-4128-923F-5068050DCFB1}.Debug|Any CPU.ActiveCfg = Debug|Any CPU
		{BD421C9E-97C8-4128-923F-5068050DCFB1}.Debug|Any CPU.Build.0 = Debug|Any CPU
		{BD421C9E-97C8-4128-923F-5068050DCFB1}.Release|Any CPU.ActiveCfg = Release|Any CPU
		{BD421C9E-97C8-4128-923F-5068050DCFB1}.Release|Any CPU.Build.0 = Release|Any CPU
	EndGlobalSection
	GlobalSection(SolutionProperties) = preSolution
		HideSolutionNode = FALSE
	EndGlobalSection
	GlobalSection(ExtensibilityGlobals) = postSolution
		SolutionGuid = {F048DD61-A0E8-49B0-B77D-CCE93362EE23}
	EndGlobalSection
EndGlobal
